GEM
  remote: https://rubygems.org/
  specs:
    concurrent-ruby (1.3.5)
    faker (3.5.2)
      i18n (>= 1.8.11, < 2)
    i18n (1.14.7)
      concurrent-ruby (~> 1.0)
    mini_portile2 (2.8.9)
    rake (13.3.1)
    sqlite3 (2.8.0)
      mini_portile2 (~> 2.8.0)

PLATFORMS
  aarch64-linux
  aarch64-mingw-ucrt
  arm64-darwin
  arm64-darwin-20
  arm64-darwin-21
  arm64-darwin-22
  arm64-darwin-23
  ruby
  x64-mingw-ucrt
  x86_64-darwin
  x86_64-darwin-20
  x86_64-darwin-21
  x86_64-darwin-22
  x86_64-darwin-23
  x86_64-linux

DEPENDENCIES
  faker
  rake
  sqlite3 (= 2.8.0)

BUNDLED WITH
   2.6.9
